
Microsoft Visual Studio Solution File, Format Version 12.00
# Visual Studio Version 16
VisualStudioVersion = 25.0.1703.0
MinimumVisualStudioVersion = 10.0.40219.1
Project("{FAE04EC0-301F-11D3-BF4B-00C04F79EFBC}") = "DataTypes", "DataTypes\DataTypes\DataTypes.csproj", "{35C73A27-3306-4432-BC49-B4840740F7BC}"
EndProject
Global
	GlobalSection(SolutionConfigurationPlatforms) = preSolution
		Debug|Any CPU = Debug|Any CPU
		Release|Any CPU = Release|Any CPU
	EndGlobalSection
	GlobalSection(ProjectConfigurationPlatforms) = postSolution
		{35C73A27-3306-4432-BC49-B4840740F7BC}.Debug|Any CPU.ActiveCfg = Debug|Any CPU
		{35C73A27-3306-4432-BC49-B4840740F7BC}.Debug|Any CPU.Build.0 = Debug|Any CPU
		{35C73A27-3306-4432-BC49-B4840740F7BC}.Release|Any CPU.ActiveCfg = Release|Any CPU
		{35C73A27-3306-4432-BC49-B4840740F7BC}.Release|Any CPU.Build.0 = Release|Any CPU
	EndGlobalSection
	GlobalSection(SolutionProperties) = preSolution
		HideSolutionNode = FALSE
	EndGlobalSection
	GlobalSection(ExtensibilityGlobals) = postSolution
		SolutionGuid = {FEBD030B-9677-42F2-BD7C-FB7FF4D19802}
	EndGlobalSection
EndGlobal
